{
  "requires": true,
  "lockfileVersion": 1,
  "dependencies": {
    "gitbook-plugin-comments": {
      "version": "0.0.2",
      "resolved": "https://registry.npmjs.org/gitbook-plugin-comments/-/gitbook-plugin-comments-0.0.2.tgz",
      "integrity": "sha1-pOPC9rUc0xlI3Cx/j3at2XDjPdI="
    }
  }
}
